
Microsoft Visual Studio Solution File, Format Version 12.00
# Visual Studio Version 16
VisualStudioVersion = 16.0.31424.327
MinimumVisualStudioVersion = 10.0.40219.1
Project("{FAE04EC0-301F-11D3-BF4B-00C04F79EFBC}") = "SecretIntentNoam", "SecretIntentNoam\SecretIntentNoam.csproj", "{23586B5C-05E7-451D-9BBD-842877CF1FE7}"
EndProject
Global
	GlobalSection(SolutionConfigurationPlatforms) = preSolution
		Debug|Any CPU = Debug|Any CPU
		Release|Any CPU = Release|Any CPU
	EndGlobalSection
	GlobalSection(ProjectConfigurationPlatforms) = postSolution
		{23586B5C-05E7-451D-9BBD-842877CF1FE7}.Debug|Any CPU.ActiveCfg = Debug|Any CPU
		{23586B5C-05E7-451D-9BBD-842877CF1FE7}.Debug|Any CPU.Build.0 = Debug|Any CPU
		{23586B5C-05E7-451D-9BBD-842877CF1FE7}.Debug|Any CPU.Deploy.0 = Debug|Any CPU
		{23586B5C-05E7-451D-9BBD-842877CF1FE7}.Release|Any CPU.ActiveCfg = Release|Any CPU
		{23586B5C-05E7-451D-9BBD-842877CF1FE7}.Release|Any CPU.Build.0 = Release|Any CPU
		{23586B5C-05E7-451D-9BBD-842877CF1FE7}.Release|Any CPU.Deploy.0 = Release|Any CPU
	EndGlobalSection
	GlobalSection(SolutionProperties) = preSolution
		HideSolutionNode = FALSE
	EndGlobalSection
	GlobalSection(ExtensibilityGlobals) = postSolution
		SolutionGuid = {678E9AD3-8055-401F-99E7-D32666FD7C15}
	EndGlobalSection
EndGlobal
